<?xml version="1.0" encoding="utf-8"?>
<Project ToolsVersion="4.0" xmlns="http://schemas.microsoft.com/developer/msbuild/2003">
  <ItemGroup>
    <Filter Include="Common">
      <UniqueIdentifier>7b30de08-3c13-4c1b-a075-63b54f696d39</UniqueIdentifier>
    </Filter>
    <Filter Include="Assets">
      <UniqueIdentifier>ba30bb3a-02dd-4c14-a663-c10400824442</UniqueIdentifier>
      <Extensions>bmp;fbx;gif;jpg;jpeg;tga;tiff;tif;png</Extensions>
    </Filter>
    <Filter Include="Content">
      <UniqueIdentifier>8ab5ead4-9d2c-46ae-805b-c4d6d5d47931</UniqueIdentifier>
    </Filter>
    <ClInclude Include="Common\DirectXHelper.h">
      <Filter>Common</Filter>
    </ClInclude>
    <ClInclude Include="Common\StepTimer.h">
      <Filter>Common</Filter>
    </ClInclude>
    <ClInclude Include="Common\DeviceResources.h">
      <Filter>Common</Filter>
    </ClInclude>
    <ClCompile Include="Common\DeviceResources.cpp">
      <Filter>Common</Filter>
    </ClCompile>
    <ClInclude Include="Content\Sample3DSceneRenderer.h">
      <Filter>Content</Filter>
    </ClInclude>
    <ClInclude Include="Content\SampleFpsTextRenderer.h">
      <Filter>Content</Filter>
    </ClInclude>
    <ClInclude Include="Content\ShaderStructures.h">
      <Filter>Content</Filter>
    </ClInclude>
    <ClCompile Include="Content\Sample3DSceneRenderer.cpp">
      <Filter>Content</Filter>
    </ClCompile>
    <ClCompile Include="Content\SampleFpsTextRenderer.cpp">
      <Filter>Content</Filter>
    </ClCompile>
    <Image Include="Assets\LockScreenLogo.scale-200.png">
      <Filter>Assets</Filter>
    </Image>
    <Image Include="Assets\SplashScreen.scale-200.png">
      <Filter>Assets</Filter>
    </Image>
    <Image Include="Assets\Square150x150Logo.scale-200.png">
      <Filter>Assets</Filter>
    </Image>
    <Image Include="Assets\Square44x44Logo.scale-200.png">
      <Filter>Assets</Filter>
    </Image>
    <Image Include="Assets\Square44x44Logo.targetsize-24_altform-unplated.png">
      <Filter>Assets</Filter>
    </Image>
    <Image Include="Assets\Wide310x150Logo.scale-200.png">
      <Filter>Assets</Filter>
    </Image>
    <Filter Include="Sph">
      <UniqueIdentifier>{d907eb8f-c7a9-4f5d-b265-0b999d23ed20}</UniqueIdentifier>
    </Filter>
    <Filter Include="Lib">
      <UniqueIdentifier>{0ff88977-0b7f-4899-8a39-239d9c78b3e4}</UniqueIdentifier>
    </Filter>
    <Filter Include="Surface">
      <UniqueIdentifier>{d7e86b4d-2761-475d-ad8b-7738ace36ac7}</UniqueIdentifier>
    </Filter>
    <Filter Include="External">
      <UniqueIdentifier>{5ddca97e-00b6-4538-8555-75377b75dc5a}</UniqueIdentifier>
    </Filter>
    <Filter Include="External\CubeMap">
      <UniqueIdentifier>{352f1724-a666-4ccf-9aae-f8985eea9f1a}</UniqueIdentifier>
    </Filter>
    <Filter Include="External\Common">
      <UniqueIdentifier>{8eac9f8c-60d5-49e9-8cb1-7af9c8558b63}</UniqueIdentifier>
    </Filter>
    <Filter Include="External\CubeMap\FX">
      <UniqueIdentifier>{0f062b7d-48ab-4f39-ad26-ca05942c7c10}</UniqueIdentifier>
    </Filter>
    <Filter Include="External\CubeMap\Textures">
      <UniqueIdentifier>{e72e53ec-2d28-4d99-8a2c-ee3c601f1f58}</UniqueIdentifier>
    </Filter>
  </ItemGroup>
  <ItemGroup>
    <ClCompile Include="App.cpp" />
    <ClCompile Include="FluidMain.cpp" />
    <ClCompile Include="pch.cpp" />
    <ClCompile Include="Sph\ParticleGrid.cpp">
      <Filter>Sph</Filter>
    </ClCompile>
    <ClCompile Include="Sph\ParticleSystem.cpp">
      <Filter>Sph</Filter>
    </ClCompile>
    <ClCompile Include="External\CubeMap\Effects.cpp">
      <Filter>External\CubeMap</Filter>
    </ClCompile>
    <ClCompile Include="External\CubeMap\Sky.cpp">
      <Filter>External\CubeMap</Filter>
    </ClCompile>
    <ClCompile Include="External\CubeMap\Vertex.cpp">
      <Filter>External\CubeMap</Filter>
    </ClCompile>
    <ClCompile Include="External\Common\Camera.cpp">
      <Filter>External\Common</Filter>
    </ClCompile>
    <ClCompile Include="External\Common\MathHelper.cpp">
      <Filter>External\Common</Filter>
    </ClCompile>
    <ClCompile Include="External\Common\LightHelper.cpp">
      <Filter>External\Common</Filter>
    </ClCompile>
    <ClCompile Include="External\Common\GeometryGenerator.cpp">
      <Filter>External\Common</Filter>
    </ClCompile>
    <ClCompile Include="SurfaceGenerator.cpp">
      <Filter>Surface</Filter>
    </ClCompile>
  </ItemGroup>
  <ItemGroup>
    <ClInclude Include="App.h" />
    <ClInclude Include="FluidMain.h" />
    <ClInclude Include="pch.h" />
    <ClInclude Include="Lib\xx_amp_algorithms_direct3d_impl.h">
      <Filter>Lib</Filter>
    </ClInclude>
    <ClInclude Include="Lib\xx_amp_algorithms_impl.h">
      <Filter>Lib</Filter>
    </ClInclude>
    <ClInclude Include="Lib\xx_amp_algorithms_impl_inl.h">
      <Filter>Lib</Filter>
    </ClInclude>
    <ClInclude Include="Lib\xx_amp_stl_algorithms_impl.h">
      <Filter>Lib</Filter>
    </ClInclude>
    <ClInclude Include="Lib\xx_amp_stl_algorithms_impl_inl.h">
      <Filter>Lib</Filter>
    </ClInclude>
    <ClInclude Include="Lib\amp_stl_algorithms.h">
      <Filter>Lib</Filter>
    </ClInclude>
    <ClInclude Include="Lib\amp_iterators.h">
      <Filter>Lib</Filter>
    </ClInclude>
    <ClInclude Include="Lib\amp_indexable_view.h">
      <Filter>Lib</Filter>
    </ClInclude>
    <ClInclude Include="Lib\amp_algorithms_direct3d.h">
      <Filter>Lib</Filter>
    </ClInclude>
    <ClInclude Include="Lib\amp_algorithms.h">
      <Filter>Lib</Filter>
    </ClInclude>
    <ClInclude Include="Sph\AMPAlgorithmExtend.h">
      <Filter>Sph</Filter>
    </ClInclude>
    <ClInclude Include="Sph\AMPMathExtend.h">
      <Filter>Sph</Filter>
    </ClInclude>
    <ClInclude Include="Sph\KernelFuntions.h">
      <Filter>Sph</Filter>
    </ClInclude>
    <ClInclude Include="Sph\Particle.h">
      <Filter>Sph</Filter>
    </ClInclude>
    <ClInclude Include="Sph\ParticleGrid.h">
      <Filter>Sph</Filter>
    </ClInclude>
    <ClInclude Include="Sph\ParticleSystem.h">
      <Filter>Sph</Filter>
    </ClInclude>
    <ClInclude Include="External\CubeMap\Effects.h">
      <Filter>External\CubeMap</Filter>
    </ClInclude>
    <ClInclude Include="External\CubeMap\Sky.h">
      <Filter>External\CubeMap</Filter>
    </ClInclude>
    <ClInclude Include="External\CubeMap\Vertex.h">
      <Filter>External\CubeMap</Filter>
    </ClInclude>
    <ClInclude Include="External\Common\Camera.h">
      <Filter>External\Common</Filter>
    </ClInclude>
    <ClInclude Include="External\Common\d3dUtil.h">
      <Filter>External\Common</Filter>
    </ClInclude>
    <ClInclude Include="External\Common\MathHelper.h">
      <Filter>External\Common</Filter>
    </ClInclude>
    <ClInclude Include="External\Common\LightHelper.h">
      <Filter>External\Common</Filter>
    </ClInclude>
    <ClInclude Include="External\Common\GeometryGenerator.h">
      <Filter>External\Common</Filter>
    </ClInclude>
    <ClInclude Include="SurfaceGenerator.h">
      <Filter>Surface</Filter>
    </ClInclude>
    <ClInclude Include="Content\MarchingCubesRes.h">
      <Filter>Surface</Filter>
    </ClInclude>
  </ItemGroup>
  <ItemGroup>
    <Image Include="Assets\StoreLogo.png">
      <Filter>Assets</Filter>
    </Image>
    <Image Include="External\CubeMap\Textures\desertcube1024.dds">
      <Filter>External\CubeMap\Textures</Filter>
    </Image>
    <Image Include="External\CubeMap\Textures\grasscube1024.dds">
      <Filter>External\CubeMap\Textures</Filter>
    </Image>
    <Image Include="External\CubeMap\Textures\snowcube1024.dds">
      <Filter>External\CubeMap\Textures</Filter>
    </Image>
    <Image Include="External\CubeMap\Textures\sunsetcube1024.dds">
      <Filter>External\CubeMap\Textures</Filter>
    </Image>
  </ItemGroup>
  <ItemGroup>
    <AppxManifest Include="Package.appxmanifest" />
  </ItemGroup>
  <ItemGroup>
    <None Include="Fluid_TemporaryKey.pfx" />
  </ItemGroup>
  <ItemGroup>
    <FxCompile Include="External\CubeMap\FX\Basic.fx">
      <Filter>External\CubeMap\FX</Filter>
    </FxCompile>
    <FxCompile Include="External\CubeMap\FX\LightHelper.fx">
      <Filter>External\CubeMap\FX</Filter>
    </FxCompile>
    <FxCompile Include="External\CubeMap\FX\Sky.fx">
      <Filter>External\CubeMap\FX</Filter>
    </FxCompile>
  </ItemGroup>
</Project>