<?xml version="1.0" encoding="utf-8"?>
<Project ToolsVersion="4.0" xmlns="http://schemas.microsoft.com/developer/msbuild/2003">
  <ItemGroup>
    <Filter Include="Common">
      <UniqueIdentifier>7b30de08-3c13-4c1b-a075-63b54f696d39</UniqueIdentifier>
    </Filter>
    <Filter Include="Assets">
      <UniqueIdentifier>ba30bb3a-02dd-4c14-a663-c10400824442</UniqueIdentifier>
      <Extensions>bmp;fbx;gif;jpg;jpeg;tga;tiff;tif;png</Extensions>
    </Filter>
    <Filter Include="Content">
      <UniqueIdentifier>8ab5ead4-9d2c-46ae-805b-c4d6d5d47931</UniqueIdentifier>
    </Filter>
    <ClInclude Include="Common\DirectXHelper.h">
      <Filter>Common</Filter>
    </ClInclude>
    <ClInclude Include="Common\StepTimer.h">
      <Filter>Common</Filter>
    </ClInclude>
    <ClInclude Include="Common\DeviceResources.h">
      <Filter>Common</Filter>
    </ClInclude>
    <ClCompile Include="Common\DeviceResources.cpp">
      <Filter>Common</Filter>
    </ClCompile>
    <ClInclude Include="Content\Sample3DSceneRenderer.h">
      <Filter>Content</Filter>
    </ClInclude>
    <ClInclude Include="Content\SampleFpsTextRenderer.h">
      <Filter>Content</Filter>
    </ClInclude>
    <ClInclude Include="Content\ShaderStructures.h">
      <Filter>Content</Filter>
    </ClInclude>
    <ClCompile Include="Content\Sample3DSceneRenderer.cpp">
      <Filter>Content</Filter>
    </ClCompile>
    <ClCompile Include="Content\SampleFpsTextRenderer.cpp">
      <Filter>Content</Filter>
    </ClCompile>
    <FxCompile Include="Content\SamplePixelShader.hlsl">
      <Filter>Content</Filter>
    </FxCompile>
    <FxCompile Include="Content\SampleVertexShader.hlsl">
      <Filter>Content</Filter>
    </FxCompile>
    <Image Include="Assets\LockScreenLogo.scale-200.png">
      <Filter>Assets</Filter>
    </Image>
    <Image Include="Assets\SplashScreen.scale-200.png">
      <Filter>Assets</Filter>
    </Image>
    <Image Include="Assets\Square150x150Logo.scale-200.png">
      <Filter>Assets</Filter>
    </Image>
    <Image Include="Assets\Square44x44Logo.scale-200.png">
      <Filter>Assets</Filter>
    </Image>
    <Image Include="Assets\Square44x44Logo.targetsize-24_altform-unplated.png">
      <Filter>Assets</Filter>
    </Image>
    <Image Include="Assets\Wide310x150Logo.scale-200.png">
      <Filter>Assets</Filter>
    </Image>
    <Filter Include="Sph">
      <UniqueIdentifier>{d907eb8f-c7a9-4f5d-b265-0b999d23ed20}</UniqueIdentifier>
    </Filter>
    <Filter Include="Lib">
      <UniqueIdentifier>{0ff88977-0b7f-4899-8a39-239d9c78b3e4}</UniqueIdentifier>
    </Filter>
    <Filter Include="Surface">
      <UniqueIdentifier>{d7e86b4d-2761-475d-ad8b-7738ace36ac7}</UniqueIdentifier>
    </Filter>
    <Filter Include="Media">
      <UniqueIdentifier>{6dc9eca1-3105-4b94-bfa8-64945b9417cb}</UniqueIdentifier>
    </Filter>
  </ItemGroup>
  <ItemGroup>
    <ClCompile Include="App.cpp" />
    <ClCompile Include="FluidMain.cpp" />
    <ClCompile Include="pch.cpp" />
    <ClCompile Include="Sph\ParticleGrid.cpp">
      <Filter>Sph</Filter>
    </ClCompile>
    <ClCompile Include="Sph\ParticleSystem.cpp">
      <Filter>Sph</Filter>
    </ClCompile>
    <ClCompile Include="SurfaceGenerator.cpp">
      <Filter>Surface</Filter>
    </ClCompile>
    <ClCompile Include="Content\EnvMapRenderer.cpp">
      <Filter>Content</Filter>
    </ClCompile>
    <ClCompile Include="Content\WaterRenderer.cpp">
      <Filter>Content</Filter>
    </ClCompile>
  </ItemGroup>
  <ItemGroup>
    <ClInclude Include="App.h" />
    <ClInclude Include="FluidMain.h" />
    <ClInclude Include="pch.h" />
    <ClInclude Include="Lib\amp_algorithms.h">
      <Filter>Lib</Filter>
    </ClInclude>
    <ClInclude Include="Lib\amp_indexable_view.h">
      <Filter>Lib</Filter>
    </ClInclude>
    <ClInclude Include="Lib\amp_algorithms_direct3d.h">
      <Filter>Lib</Filter>
    </ClInclude>
    <ClInclude Include="Lib\amp_iterators.h">
      <Filter>Lib</Filter>
    </ClInclude>
    <ClInclude Include="Lib\amp_stl_algorithms.h">
      <Filter>Lib</Filter>
    </ClInclude>
    <ClInclude Include="Lib\xx_amp_stl_algorithms_impl_inl.h">
      <Filter>Lib</Filter>
    </ClInclude>
    <ClInclude Include="Lib\xx_amp_stl_algorithms_impl.h">
      <Filter>Lib</Filter>
    </ClInclude>
    <ClInclude Include="Lib\xx_amp_algorithms_impl_inl.h">
      <Filter>Lib</Filter>
    </ClInclude>
    <ClInclude Include="Lib\xx_amp_algorithms_impl.h">
      <Filter>Lib</Filter>
    </ClInclude>
    <ClInclude Include="Lib\xx_amp_algorithms_direct3d_impl.h">
      <Filter>Lib</Filter>
    </ClInclude>
    <ClInclude Include="Sph\AMPAlgorithmExtend.h">
      <Filter>Sph</Filter>
    </ClInclude>
    <ClInclude Include="Sph\AMPMathExtend.h">
      <Filter>Sph</Filter>
    </ClInclude>
    <ClInclude Include="Sph\KernelFuntions.h">
      <Filter>Sph</Filter>
    </ClInclude>
    <ClInclude Include="Sph\ParticleGrid.h">
      <Filter>Sph</Filter>
    </ClInclude>
    <ClInclude Include="Sph\ParticleSystem.h">
      <Filter>Sph</Filter>
    </ClInclude>
    <ClInclude Include="Sph\Particle.h">
      <Filter>Sph</Filter>
    </ClInclude>
    <ClInclude Include="SurfaceGenerator.h">
      <Filter>Surface</Filter>
    </ClInclude>
    <ClInclude Include="Content\MarchingCubesRes.h">
      <Filter>Surface</Filter>
    </ClInclude>
  </ItemGroup>
  <ItemGroup>
    <Image Include="Assets\StoreLogo.png">
      <Filter>Assets</Filter>
    </Image>
    <Image Include="Media\uffizi_cross.dds">
      <Filter>Media</Filter>
    </Image>
    <Image Include="Media\sky.dds">
      <Filter>Media</Filter>
    </Image>
  </ItemGroup>
  <ItemGroup>
    <AppxManifest Include="Package.appxmanifest" />
  </ItemGroup>
  <ItemGroup>
    <None Include="Fluid_TemporaryKey.pfx" />
  </ItemGroup>
  <ItemGroup>
    <FxCompile Include="Content\ModelVertexShader.hlsl" />
    <FxCompile Include="Content\ModelPixelShader.hlsl" />
    <FxCompile Include="EnvMapVertexShader.hlsl" />
    <FxCompile Include="EnvMapPixelShader.hlsl" />
  </ItemGroup>
</Project>