<?xml version="1.0" encoding="utf-8"?>
<Project ToolsVersion="4.0" xmlns="http://schemas.microsoft.com/developer/msbuild/2003">
  <ItemGroup>
    <Filter Include="Common">
      <UniqueIdentifier>7b30de08-3c13-4c1b-a075-63b54f696d39</UniqueIdentifier>
    </Filter>
    <Filter Include="Assets">
      <UniqueIdentifier>ba30bb3a-02dd-4c14-a663-c10400824442</UniqueIdentifier>
      <Extensions>bmp;fbx;gif;jpg;jpeg;tga;tiff;tif;png</Extensions>
    </Filter>
    <Filter Include="Content">
      <UniqueIdentifier>8ab5ead4-9d2c-46ae-805b-c4d6d5d47931</UniqueIdentifier>
    </Filter>
    <ClInclude Include="Common\DirectXHelper.h">
      <Filter>Common</Filter>
    </ClInclude>
    <ClInclude Include="Common\StepTimer.h">
      <Filter>Common</Filter>
    </ClInclude>
    <ClInclude Include="Common\DeviceResources.h">
      <Filter>Common</Filter>
    </ClInclude>
    <ClCompile Include="Common\DeviceResources.cpp">
      <Filter>Common</Filter>
    </ClCompile>
    <ClInclude Include="Content\Sample3DSceneRenderer.h">
      <Filter>Content</Filter>
    </ClInclude>
    <ClInclude Include="Content\SampleFpsTextRenderer.h">
      <Filter>Content</Filter>
    </ClInclude>
    <ClInclude Include="Content\ShaderStructures.h">
      <Filter>Content</Filter>
    </ClInclude>
    <ClCompile Include="Content\Sample3DSceneRenderer.cpp">
      <Filter>Content</Filter>
    </ClCompile>
    <ClCompile Include="Content\SampleFpsTextRenderer.cpp">
      <Filter>Content</Filter>
    </ClCompile>
    <FxCompile Include="Content\SamplePixelShader.hlsl">
      <Filter>Content</Filter>
    </FxCompile>
    <FxCompile Include="Content\SampleVertexShader.hlsl">
      <Filter>Content</Filter>
    </FxCompile>
    <Image Include="Assets\LockScreenLogo.scale-200.png">
      <Filter>Assets</Filter>
    </Image>
    <Image Include="Assets\SplashScreen.scale-200.png">
      <Filter>Assets</Filter>
    </Image>
    <Image Include="Assets\Square150x150Logo.scale-200.png">
      <Filter>Assets</Filter>
    </Image>
    <Image Include="Assets\Square44x44Logo.scale-200.png">
      <Filter>Assets</Filter>
    </Image>
    <Image Include="Assets\Square44x44Logo.targetsize-24_altform-unplated.png">
      <Filter>Assets</Filter>
    </Image>
    <Image Include="Assets\Wide310x150Logo.scale-200.png">
      <Filter>Assets</Filter>
    </Image>
  </ItemGroup>
  <ItemGroup>
    <ClCompile Include="App.cpp" />
    <ClCompile Include="FluidMain.cpp" />
    <ClCompile Include="pch.cpp" />
    <ClCompile Include="Sph\ParticleGrid.cpp" />
    <ClCompile Include="Sph\ParticleSystem.cpp" />
    <ClCompile Include="SurfaceGenerator.cpp" />
    <ClCompile Include="External\CubeMap\Sky.cpp" />
    <ClCompile Include="External\CubeMap\Effects.cpp" />
    <ClCompile Include="External\CubeMap\Vertex.cpp" />
    <ClCompile Include="External\Common\Camera.cpp" />
    <ClCompile Include="External\Common\GeometryGenerator.cpp" />
    <ClCompile Include="External\Common\MathHelper.cpp" />
    <ClCompile Include="External\Common\LightHelper.cpp" />
  </ItemGroup>
  <ItemGroup>
    <ClInclude Include="App.h" />
    <ClInclude Include="FluidMain.h" />
    <ClInclude Include="pch.h" />
    <ClInclude Include="Sph\Particle.h" />
    <ClInclude Include="Sph\ParticleGrid.h" />
    <ClInclude Include="Sph\ParticleSystem.h" />
    <ClInclude Include="Sph\AMPMathExtend.h" />
    <ClInclude Include="Sph\AMPAlgorithmExtend.h" />
    <ClInclude Include="Sph\KernelFuntions.h" />
    <ClInclude Include="Lib\amp_algorithms.h" />
    <ClInclude Include="Lib\amp_algorithms_direct3d.h" />
    <ClInclude Include="Lib\amp_indexable_view.h" />
    <ClInclude Include="Lib\amp_iterators.h" />
    <ClInclude Include="Lib\amp_stl_algorithms.h" />
    <ClInclude Include="Lib\xx_amp_algorithms_direct3d_impl.h" />
    <ClInclude Include="Lib\xx_amp_algorithms_impl.h" />
    <ClInclude Include="Lib\xx_amp_algorithms_impl_inl.h" />
    <ClInclude Include="Lib\xx_amp_stl_algorithms_impl.h" />
    <ClInclude Include="Lib\xx_amp_stl_algorithms_impl_inl.h" />
    <ClInclude Include="SurfaceGenerator.h" />
    <ClInclude Include="Content\MarchingCubesRes.h" />
    <ClInclude Include="External\CubeMap\Sky.h" />
    <ClInclude Include="External\CubeMap\Effects.h" />
    <ClInclude Include="External\CubeMap\Vertex.h" />
    <ClInclude Include="External\Common\Camera.h" />
    <ClInclude Include="External\Common\d3dUtil.h" />
    <ClInclude Include="External\Common\GeometryGenerator.h" />
    <ClInclude Include="External\Common\MathHelper.h" />
    <ClInclude Include="External\Common\LightHelper.h" />
  </ItemGroup>
  <ItemGroup>
    <Image Include="Assets\StoreLogo.png">
      <Filter>Assets</Filter>
    </Image>
    <Image Include="External\CubeMap\Textures\desertcube1024.dds" />
    <Image Include="External\CubeMap\Textures\grasscube1024.dds" />
    <Image Include="External\CubeMap\Textures\snowcube1024.dds" />
    <Image Include="External\CubeMap\Textures\sunsetcube1024.dds" />
  </ItemGroup>
  <ItemGroup>
    <AppxManifest Include="Package.appxmanifest" />
  </ItemGroup>
  <ItemGroup>
    <None Include="Fluid_TemporaryKey.pfx" />
    <None Include="External\CubeMap\FX\Basic.fxo" />
    <None Include="External\CubeMap\FX\Sky.fxo" />
  </ItemGroup>
  <ItemGroup>
    <FxCompile Include="Content\ModelVertexShader.hlsl" />
    <FxCompile Include="Content\ModelPixelShader.hlsl" />
  </ItemGroup>
</Project>