
Microsoft Visual Studio Solution File, Format Version 12.00
# Visual Studio 14
VisualStudioVersion = 14.0.24720.0
MinimumVisualStudioVersion = 10.0.40219.1
Project("{8BC9CEB8-8B4A-11D0-8D11-00A0C91BC942}") = "Fluid", "Fluid\Fluid.vcxproj", "{7B30DE08-3C13-4C1B-A075-63B54F696D39}"
EndProject
Project("{8BC9CEB8-8B4A-11D0-8D11-00A0C91BC942}") = "Effects11", "Effects11\Effects11_Windows10.vcxproj", "{9188BD60-F60C-4A40-98CF-F704E467D775}"
EndProject
Project("{8BC9CEB8-8B4A-11D0-8D11-00A0C91BC942}") = "DirectXTK", "DirectXTK\DirectXTK_Windows10.vcxproj", "{F4776924-619C-42C7-88B2-82C947CCC9E7}"
EndProject
Global
	GlobalSection(SolutionConfigurationPlatforms) = preSolution
		Debug|ARM = Debug|ARM
		Debug|x64 = Debug|x64
		Debug|x86 = Debug|x86
		Profile|ARM = Profile|ARM
		Profile|x64 = Profile|x64
		Profile|x86 = Profile|x86
		Release|ARM = Release|ARM
		Release|x64 = Release|x64
		Release|x86 = Release|x86
	EndGlobalSection
	GlobalSection(ProjectConfigurationPlatforms) = postSolution
		{7B30DE08-3C13-4C1B-A075-63B54F696D39}.Debug|ARM.ActiveCfg = Debug|ARM
		{7B30DE08-3C13-4C1B-A075-63B54F696D39}.Debug|ARM.Build.0 = Debug|ARM
		{7B30DE08-3C13-4C1B-A075-63B54F696D39}.Debug|ARM.Deploy.0 = Debug|ARM
		{7B30DE08-3C13-4C1B-A075-63B54F696D39}.Debug|x64.ActiveCfg = Debug|x64
		{7B30DE08-3C13-4C1B-A075-63B54F696D39}.Debug|x64.Build.0 = Debug|x64
		{7B30DE08-3C13-4C1B-A075-63B54F696D39}.Debug|x64.Deploy.0 = Debug|x64
		{7B30DE08-3C13-4C1B-A075-63B54F696D39}.Debug|x86.ActiveCfg = Debug|Win32
		{7B30DE08-3C13-4C1B-A075-63B54F696D39}.Debug|x86.Build.0 = Debug|Win32
		{7B30DE08-3C13-4C1B-A075-63B54F696D39}.Debug|x86.Deploy.0 = Debug|Win32
		{7B30DE08-3C13-4C1B-A075-63B54F696D39}.Profile|ARM.ActiveCfg = Release|ARM
		{7B30DE08-3C13-4C1B-A075-63B54F696D39}.Profile|ARM.Build.0 = Release|ARM
		{7B30DE08-3C13-4C1B-A075-63B54F696D39}.Profile|ARM.Deploy.0 = Release|ARM
		{7B30DE08-3C13-4C1B-A075-63B54F696D39}.Profile|x64.ActiveCfg = Release|x64
		{7B30DE08-3C13-4C1B-A075-63B54F696D39}.Profile|x64.Build.0 = Release|x64
		{7B30DE08-3C13-4C1B-A075-63B54F696D39}.Profile|x64.Deploy.0 = Release|x64
		{7B30DE08-3C13-4C1B-A075-63B54F696D39}.Profile|x86.ActiveCfg = Release|Win32
		{7B30DE08-3C13-4C1B-A075-63B54F696D39}.Profile|x86.Build.0 = Release|Win32
		{7B30DE08-3C13-4C1B-A075-63B54F696D39}.Profile|x86.Deploy.0 = Release|Win32
		{7B30DE08-3C13-4C1B-A075-63B54F696D39}.Release|ARM.ActiveCfg = Release|ARM
		{7B30DE08-3C13-4C1B-A075-63B54F696D39}.Release|ARM.Build.0 = Release|ARM
		{7B30DE08-3C13-4C1B-A075-63B54F696D39}.Release|ARM.Deploy.0 = Release|ARM
		{7B30DE08-3C13-4C1B-A075-63B54F696D39}.Release|x64.ActiveCfg = Release|x64
		{7B30DE08-3C13-4C1B-A075-63B54F696D39}.Release|x64.Build.0 = Release|x64
		{7B30DE08-3C13-4C1B-A075-63B54F696D39}.Release|x64.Deploy.0 = Release|x64
		{7B30DE08-3C13-4C1B-A075-63B54F696D39}.Release|x86.ActiveCfg = Release|Win32
		{7B30DE08-3C13-4C1B-A075-63B54F696D39}.Release|x86.Build.0 = Release|Win32
		{7B30DE08-3C13-4C1B-A075-63B54F696D39}.Release|x86.Deploy.0 = Release|Win32
		{9188BD60-F60C-4A40-98CF-F704E467D775}.Debug|ARM.ActiveCfg = Debug|ARM
		{9188BD60-F60C-4A40-98CF-F704E467D775}.Debug|ARM.Build.0 = Debug|ARM
		{9188BD60-F60C-4A40-98CF-F704E467D775}.Debug|x64.ActiveCfg = Debug|x64
		{9188BD60-F60C-4A40-98CF-F704E467D775}.Debug|x64.Build.0 = Debug|x64
		{9188BD60-F60C-4A40-98CF-F704E467D775}.Debug|x86.ActiveCfg = Debug|Win32
		{9188BD60-F60C-4A40-98CF-F704E467D775}.Debug|x86.Build.0 = Debug|Win32
		{9188BD60-F60C-4A40-98CF-F704E467D775}.Profile|ARM.ActiveCfg = Release|ARM
		{9188BD60-F60C-4A40-98CF-F704E467D775}.Profile|ARM.Build.0 = Release|ARM
		{9188BD60-F60C-4A40-98CF-F704E467D775}.Profile|x64.ActiveCfg = Release|x64
		{9188BD60-F60C-4A40-98CF-F704E467D775}.Profile|x64.Build.0 = Release|x64
		{9188BD60-F60C-4A40-98CF-F704E467D775}.Profile|x86.ActiveCfg = Release|Win32
		{9188BD60-F60C-4A40-98CF-F704E467D775}.Profile|x86.Build.0 = Release|Win32
		{9188BD60-F60C-4A40-98CF-F704E467D775}.Release|ARM.ActiveCfg = Release|ARM
		{9188BD60-F60C-4A40-98CF-F704E467D775}.Release|ARM.Build.0 = Release|ARM
		{9188BD60-F60C-4A40-98CF-F704E467D775}.Release|x64.ActiveCfg = Release|x64
		{9188BD60-F60C-4A40-98CF-F704E467D775}.Release|x64.Build.0 = Release|x64
		{9188BD60-F60C-4A40-98CF-F704E467D775}.Release|x86.ActiveCfg = Release|Win32
		{9188BD60-F60C-4A40-98CF-F704E467D775}.Release|x86.Build.0 = Release|Win32
		{F4776924-619C-42C7-88B2-82C947CCC9E7}.Debug|ARM.ActiveCfg = Debug|ARM
		{F4776924-619C-42C7-88B2-82C947CCC9E7}.Debug|ARM.Build.0 = Debug|ARM
		{F4776924-619C-42C7-88B2-82C947CCC9E7}.Debug|x64.ActiveCfg = Debug|x64
		{F4776924-619C-42C7-88B2-82C947CCC9E7}.Debug|x64.Build.0 = Debug|x64
		{F4776924-619C-42C7-88B2-82C947CCC9E7}.Debug|x86.ActiveCfg = Debug|Win32
		{F4776924-619C-42C7-88B2-82C947CCC9E7}.Debug|x86.Build.0 = Debug|Win32
		{F4776924-619C-42C7-88B2-82C947CCC9E7}.Profile|ARM.ActiveCfg = Release|ARM
		{F4776924-619C-42C7-88B2-82C947CCC9E7}.Profile|ARM.Build.0 = Release|ARM
		{F4776924-619C-42C7-88B2-82C947CCC9E7}.Profile|x64.ActiveCfg = Release|x64
		{F4776924-619C-42C7-88B2-82C947CCC9E7}.Profile|x64.Build.0 = Release|x64
		{F4776924-619C-42C7-88B2-82C947CCC9E7}.Profile|x86.ActiveCfg = Release|Win32
		{F4776924-619C-42C7-88B2-82C947CCC9E7}.Profile|x86.Build.0 = Release|Win32
		{F4776924-619C-42C7-88B2-82C947CCC9E7}.Release|ARM.ActiveCfg = Release|ARM
		{F4776924-619C-42C7-88B2-82C947CCC9E7}.Release|ARM.Build.0 = Release|ARM
		{F4776924-619C-42C7-88B2-82C947CCC9E7}.Release|x64.ActiveCfg = Release|x64
		{F4776924-619C-42C7-88B2-82C947CCC9E7}.Release|x64.Build.0 = Release|x64
		{F4776924-619C-42C7-88B2-82C947CCC9E7}.Release|x86.ActiveCfg = Release|Win32
		{F4776924-619C-42C7-88B2-82C947CCC9E7}.Release|x86.Build.0 = Release|Win32
	EndGlobalSection
	GlobalSection(SolutionProperties) = preSolution
		HideSolutionNode = FALSE
	EndGlobalSection
EndGlobal
